
Microsoft Visual Studio Solution File, Format Version 12.00
# Visual Studio 2012
Project("{FAE04EC0-301F-11D3-BF4B-00C04F79EFBC}") = "TwitterQuiz", "TwitterQuiz\TwitterQuiz.csproj", "{39C9EE5A-405D-4BCA-A62F-1384F334345F}"
EndProject
Project("{FAE04EC0-301F-11D3-BF4B-00C04F79EFBC}") = "TwitterQuiz.Test", "TwitterQuiz.Test\TwitterQuiz.Test.csproj", "{9D360814-EC91-42D7-9708-D9DB092E19DB}"
EndProject
Project("{2150E333-8FDC-42A3-9474-1A3956D46DE8}") = ".nuget", ".nuget", "{743F2F54-8A0B-408C-9522-A70BCE99EB32}"
	ProjectSection(SolutionItems) = preProject
		.nuget\NuGet.Config = .nuget\NuGet.Config
		.nuget\NuGet.exe = .nuget\NuGet.exe
		.nuget\NuGet.targets = .nuget\NuGet.targets
	EndProjectSection
EndProject
Project("{FAE04EC0-301F-11D3-BF4B-00C04F79EFBC}") = "TwitterQuiz.Domain", "TwitterQuiz.Domain\TwitterQuiz.Domain.csproj", "{83EFF6B3-F4EA-4E1D-8320-6FF84CC3509F}"
EndProject
Project("{FAE04EC0-301F-11D3-BF4B-00C04F79EFBC}") = "TwitterQuiz.EventStore", "TwitterQuiz.EventStore\TwitterQuiz.EventStore.csproj", "{99090409-30AC-4F45-A02E-96A945260F89}"
EndProject
Project("{FAE04EC0-301F-11D3-BF4B-00C04F79EFBC}") = "TwitterQuiz.Runner", "TwitterQuiz.Runner\TwitterQuiz.Runner.csproj", "{60655527-F216-48D7-9213-80467092DB57}"
EndProject
Project("{FAE04EC0-301F-11D3-BF4B-00C04F79EFBC}") = "TwitterQuiz.FakeAnswerer", "TwitterQuiz.FakeAnswerer\TwitterQuiz.FakeAnswerer.csproj", "{2506EDF2-070F-4248-A530-FD3AD8A2B83D}"
EndProject
Global
	GlobalSection(SolutionConfigurationPlatforms) = preSolution
		Debug|Any CPU = Debug|Any CPU
		Release|Any CPU = Release|Any CPU
	EndGlobalSection
	GlobalSection(ProjectConfigurationPlatforms) = postSolution
		{39C9EE5A-405D-4BCA-A62F-1384F334345F}.Debug|Any CPU.ActiveCfg = Debug|Any CPU
		{39C9EE5A-405D-4BCA-A62F-1384F334345F}.Debug|Any CPU.Build.0 = Debug|Any CPU
		{39C9EE5A-405D-4BCA-A62F-1384F334345F}.Release|Any CPU.ActiveCfg = Release|Any CPU
		{39C9EE5A-405D-4BCA-A62F-1384F334345F}.Release|Any CPU.Build.0 = Release|Any CPU
		{9D360814-EC91-42D7-9708-D9DB092E19DB}.Debug|Any CPU.ActiveCfg = Debug|Any CPU
		{9D360814-EC91-42D7-9708-D9DB092E19DB}.Debug|Any CPU.Build.0 = Debug|Any CPU
		{9D360814-EC91-42D7-9708-D9DB092E19DB}.Release|Any CPU.ActiveCfg = Release|Any CPU
		{9D360814-EC91-42D7-9708-D9DB092E19DB}.Release|Any CPU.Build.0 = Release|Any CPU
		{83EFF6B3-F4EA-4E1D-8320-6FF84CC3509F}.Debug|Any CPU.ActiveCfg = Debug|Any CPU
		{83EFF6B3-F4EA-4E1D-8320-6FF84CC3509F}.Debug|Any CPU.Build.0 = Debug|Any CPU
		{83EFF6B3-F4EA-4E1D-8320-6FF84CC3509F}.Release|Any CPU.ActiveCfg = Release|Any CPU
		{83EFF6B3-F4EA-4E1D-8320-6FF84CC3509F}.Release|Any CPU.Build.0 = Release|Any CPU
		{99090409-30AC-4F45-A02E-96A945260F89}.Debug|Any CPU.ActiveCfg = Debug|Any CPU
		{99090409-30AC-4F45-A02E-96A945260F89}.Debug|Any CPU.Build.0 = Debug|Any CPU
		{99090409-30AC-4F45-A02E-96A945260F89}.Release|Any CPU.ActiveCfg = Release|Any CPU
		{99090409-30AC-4F45-A02E-96A945260F89}.Release|Any CPU.Build.0 = Release|Any CPU
		{60655527-F216-48D7-9213-80467092DB57}.Debug|Any CPU.ActiveCfg = Debug|Any CPU
		{60655527-F216-48D7-9213-80467092DB57}.Debug|Any CPU.Build.0 = Debug|Any CPU
		{60655527-F216-48D7-9213-80467092DB57}.Release|Any CPU.ActiveCfg = Release|Any CPU
		{60655527-F216-48D7-9213-80467092DB57}.Release|Any CPU.Build.0 = Release|Any CPU
		{2506EDF2-070F-4248-A530-FD3AD8A2B83D}.Debug|Any CPU.ActiveCfg = Debug|Any CPU
		{2506EDF2-070F-4248-A530-FD3AD8A2B83D}.Debug|Any CPU.Build.0 = Debug|Any CPU
		{2506EDF2-070F-4248-A530-FD3AD8A2B83D}.Release|Any CPU.ActiveCfg = Release|Any CPU
		{2506EDF2-070F-4248-A530-FD3AD8A2B83D}.Release|Any CPU.Build.0 = Release|Any CPU
	EndGlobalSection
	GlobalSection(SolutionProperties) = preSolution
		HideSolutionNode = FALSE
	EndGlobalSection
EndGlobal
